
Microsoft Visual Studio Solution File, Format Version 12.00
# Visual Studio Version 17
VisualStudioVersion = 17.0.32014.148
MinimumVisualStudioVersion = 10.0.40219.1
Project("{FAE04EC0-301F-11D3-BF4B-00C04F79EFBC}") = "Mkt.Gateway", "Mkt.Gateway\Mkt.Gateway.csproj", "{3A5858E1-8B00-43BA-900B-9937D14DFDCB}"
EndProject
Global
	GlobalSection(SolutionConfigurationPlatforms) = preSolution
		Debug|Any CPU = Debug|Any CPU
		Release|Any CPU = Release|Any CPU
	EndGlobalSection
	GlobalSection(ProjectConfigurationPlatforms) = postSolution
		{3A5858E1-8B00-43BA-900B-9937D14DFDCB}.Debug|Any CPU.ActiveCfg = Debug|Any CPU
		{3A5858E1-8B00-43BA-900B-9937D14DFDCB}.Debug|Any CPU.Build.0 = Debug|Any CPU
		{3A5858E1-8B00-43BA-900B-9937D14DFDCB}.Release|Any CPU.ActiveCfg = Release|Any CPU
		{3A5858E1-8B00-43BA-900B-9937D14DFDCB}.Release|Any CPU.Build.0 = Release|Any CPU
	EndGlobalSection
	GlobalSection(SolutionProperties) = preSolution
		HideSolutionNode = FALSE
	EndGlobalSection
	GlobalSection(ExtensibilityGlobals) = postSolution
		SolutionGuid = {BCE9C343-CB24-45DF-B9BE-D101FD0F8450}
	EndGlobalSection
EndGlobal
